
Microsoft Visual Studio Solution File, Format Version 12.00
# Visual Studio 15
VisualStudioVersion = 15.0.27004.2006
MinimumVisualStudioVersion = 10.0.40219.1
Project("{FAE04EC0-301F-11D3-BF4B-00C04F79EFBC}") = "DemoCore", "DemoCore\DemoCore.csproj", "{8D595A7D-6A5F-4710-B885-27E29562EE56}"
EndProject
Global
	GlobalSection(SolutionConfigurationPlatforms) = preSolution
		Debug|Any CPU = Debug|Any CPU
		Release|Any CPU = Release|Any CPU
	EndGlobalSection
	GlobalSection(ProjectConfigurationPlatforms) = postSolution
		{8D595A7D-6A5F-4710-B885-27E29562EE56}.Debug|Any CPU.ActiveCfg = Debug|Any CPU
		{8D595A7D-6A5F-4710-B885-27E29562EE56}.Debug|Any CPU.Build.0 = Debug|Any CPU
		{8D595A7D-6A5F-4710-B885-27E29562EE56}.Release|Any CPU.ActiveCfg = Release|Any CPU
		{8D595A7D-6A5F-4710-B885-27E29562EE56}.Release|Any CPU.Build.0 = Release|Any CPU
	EndGlobalSection
	GlobalSection(SolutionProperties) = preSolution
		HideSolutionNode = FALSE
	EndGlobalSection
	GlobalSection(ExtensibilityGlobals) = postSolution
		SolutionGuid = {40EE5631-42B6-4C64-95D3-146A327660ED}
	EndGlobalSection
EndGlobal
